
Microsoft Visual Studio Solution File, Format Version 12.00
# Visual Studio Version 17
VisualStudioVersion = 17.11.35222.181
MinimumVisualStudioVersion = 10.0.40219.1
Project("{2150E333-8FDC-42A3-9474-1A3956D46DE8}") = "MVC", "MVC", "{A65EAC26-F76A-477D-BFDF-488624CF69E1}"
EndProject
Project("{FAE04EC0-301F-11D3-BF4B-00C04F79EFBC}") = "ApartmentRentalSystem.Domain", "ApartmentRentalSystem.Domain\ApartmentRentalSystem.Domain.csproj", "{805FE857-503D-471C-AD33-8EB5FA1BF584}"
EndProject
Global
	GlobalSection(SolutionConfigurationPlatforms) = preSolution
		Debug|Any CPU = Debug|Any CPU
		Release|Any CPU = Release|Any CPU
	EndGlobalSection
	GlobalSection(ProjectConfigurationPlatforms) = postSolution
		{805FE857-503D-471C-AD33-8EB5FA1BF584}.Debug|Any CPU.ActiveCfg = Debug|Any CPU
		{805FE857-503D-471C-AD33-8EB5FA1BF584}.Debug|Any CPU.Build.0 = Debug|Any CPU
		{805FE857-503D-471C-AD33-8EB5FA1BF584}.Release|Any CPU.ActiveCfg = Release|Any CPU
		{805FE857-503D-471C-AD33-8EB5FA1BF584}.Release|Any CPU.Build.0 = Release|Any CPU
	EndGlobalSection
	GlobalSection(SolutionProperties) = preSolution
		HideSolutionNode = FALSE
	EndGlobalSection
	GlobalSection(NestedProjects) = preSolution
		{805FE857-503D-471C-AD33-8EB5FA1BF584} = {A65EAC26-F76A-477D-BFDF-488624CF69E1}
	EndGlobalSection
	GlobalSection(ExtensibilityGlobals) = postSolution
		SolutionGuid = {3DA6EC47-3BE0-4801-8A0D-05998F3ECDD3}
	EndGlobalSection
EndGlobal
